
Microsoft Visual Studio Solution File, Format Version 12.00
# Visual Studio Version 17
VisualStudioVersion = 17.9.34902.65
MinimumVisualStudioVersion = 10.0.40219.1
Project("{FAE04EC0-301F-11D3-BF4B-00C04F79EFBC}") = "RabbitMQ Consumer", "RabbitMQ Consumer\RabbitMQ Consumer.csproj", "{16B754A0-1B4D-4D2A-B6E5-BFFE7BD63516}"
EndProject
Global
	GlobalSection(SolutionConfigurationPlatforms) = preSolution
		Debug|Any CPU = Debug|Any CPU
		Release|Any CPU = Release|Any CPU
	EndGlobalSection
	GlobalSection(ProjectConfigurationPlatforms) = postSolution
		{16B754A0-1B4D-4D2A-B6E5-BFFE7BD63516}.Debug|Any CPU.ActiveCfg = Debug|Any CPU
		{16B754A0-1B4D-4D2A-B6E5-BFFE7BD63516}.Debug|Any CPU.Build.0 = Debug|Any CPU
		{16B754A0-1B4D-4D2A-B6E5-BFFE7BD63516}.Release|Any CPU.ActiveCfg = Release|Any CPU
		{16B754A0-1B4D-4D2A-B6E5-BFFE7BD63516}.Release|Any CPU.Build.0 = Release|Any CPU
	EndGlobalSection
	GlobalSection(SolutionProperties) = preSolution
		HideSolutionNode = FALSE
	EndGlobalSection
	GlobalSection(ExtensibilityGlobals) = postSolution
		SolutionGuid = {AC0EA7C9-FE56-4C1D-8549-DA850AA6605B}
	EndGlobalSection
EndGlobal
